
Microsoft Visual Studio Solution File, Format Version 12.00
# Visual Studio Version 16
VisualStudioVersion = 16.0.29102.190
MinimumVisualStudioVersion = 10.0.40219.1
Project("{8BC9CEB8-8B4A-11D0-8D11-00A0C91BC942}") = "Example1", "Example1.vcxproj", "{227C6EF6-A3C8-4517-A2FD-A3353BD3E885}"
EndProject
Global
	GlobalSection(SolutionConfigurationPlatforms) = preSolution
		Debug|ARM = Debug|ARM
		Debug|ARM64 = Debug|ARM64
		Debug|x64 = Debug|x64
		Debug|x86 = Debug|x86
		Release|ARM = Release|ARM
		Release|ARM64 = Release|ARM64
		Release|x64 = Release|x64
		Release|x86 = Release|x86
	EndGlobalSection
	GlobalSection(ProjectConfigurationPlatforms) = postSolution
		{227C6EF6-A3C8-4517-A2FD-A3353BD3E885}.Debug|ARM.ActiveCfg = Debug|ARM
		{227C6EF6-A3C8-4517-A2FD-A3353BD3E885}.Debug|ARM.Build.0 = Debug|ARM
		{227C6EF6-A3C8-4517-A2FD-A3353BD3E885}.Debug|ARM.Deploy.0 = Debug|ARM
		{227C6EF6-A3C8-4517-A2FD-A3353BD3E885}.Debug|ARM64.ActiveCfg = Debug|ARM64
		{227C6EF6-A3C8-4517-A2FD-A3353BD3E885}.Debug|ARM64.Build.0 = Debug|ARM64
		{227C6EF6-A3C8-4517-A2FD-A3353BD3E885}.Debug|ARM64.Deploy.0 = Debug|ARM64
		{227C6EF6-A3C8-4517-A2FD-A3353BD3E885}.Debug|x64.ActiveCfg = Debug|x64
		{227C6EF6-A3C8-4517-A2FD-A3353BD3E885}.Debug|x64.Build.0 = Debug|x64
		{227C6EF6-A3C8-4517-A2FD-A3353BD3E885}.Debug|x64.Deploy.0 = Debug|x64
		{227C6EF6-A3C8-4517-A2FD-A3353BD3E885}.Debug|x86.ActiveCfg = Debug|x86
		{227C6EF6-A3C8-4517-A2FD-A3353BD3E885}.Debug|x86.Build.0 = Debug|x86
		{227C6EF6-A3C8-4517-A2FD-A3353BD3E885}.Debug|x86.Deploy.0 = Debug|x86
		{227C6EF6-A3C8-4517-A2FD-A3353BD3E885}.Release|ARM.ActiveCfg = Release|ARM
		{227C6EF6-A3C8-4517-A2FD-A3353BD3E885}.Release|ARM.Build.0 = Release|ARM
		{227C6EF6-A3C8-4517-A2FD-A3353BD3E885}.Release|ARM.Deploy.0 = Release|ARM
		{227C6EF6-A3C8-4517-A2FD-A3353BD3E885}.Release|ARM64.ActiveCfg = Release|ARM64
		{227C6EF6-A3C8-4517-A2FD-A3353BD3E885}.Release|ARM64.Build.0 = Release|ARM64
		{227C6EF6-A3C8-4517-A2FD-A3353BD3E885}.Release|ARM64.Deploy.0 = Release|ARM64
		{227C6EF6-A3C8-4517-A2FD-A3353BD3E885}.Release|x64.ActiveCfg = Release|x64
		{227C6EF6-A3C8-4517-A2FD-A3353BD3E885}.Release|x64.Build.0 = Release|x64
		{227C6EF6-A3C8-4517-A2FD-A3353BD3E885}.Release|x64.Deploy.0 = Release|x64
		{227C6EF6-A3C8-4517-A2FD-A3353BD3E885}.Release|x86.ActiveCfg = Release|x86
		{227C6EF6-A3C8-4517-A2FD-A3353BD3E885}.Release|x86.Build.0 = Release|x86
		{227C6EF6-A3C8-4517-A2FD-A3353BD3E885}.Release|x86.Deploy.0 = Release|x86
	EndGlobalSection
	GlobalSection(SolutionProperties) = preSolution
		HideSolutionNode = FALSE
	EndGlobalSection
	GlobalSection(ExtensibilityGlobals) = postSolution
		SolutionGuid = {C5304298-8105-4FE4-B0A1-4B9D3D078F41}
	EndGlobalSection
EndGlobal
